
Microsoft Visual Studio Solution File, Format Version 12.00
# Visual Studio Version 17
VisualStudioVersion = 17.3.32825.248
MinimumVisualStudioVersion = 10.0.40219.1
Project("{FAE04EC0-301F-11D3-BF4B-00C04F79EFBC}") = "Yamaha.Gigya.Validation", "Yamaha.Gigya.Validation\Yamaha.Gigya.Validation.csproj", "{4FD318C0-8453-4D31-9C25-D916046975CB}"
EndProject
Global
	GlobalSection(SolutionConfigurationPlatforms) = preSolution
		Debug|Any CPU = Debug|Any CPU
		Release|Any CPU = Release|Any CPU
	EndGlobalSection
	GlobalSection(ProjectConfigurationPlatforms) = postSolution
		{4FD318C0-8453-4D31-9C25-D916046975CB}.Debug|Any CPU.ActiveCfg = Debug|Any CPU
		{4FD318C0-8453-4D31-9C25-D916046975CB}.Debug|Any CPU.Build.0 = Debug|Any CPU
		{4FD318C0-8453-4D31-9C25-D916046975CB}.Release|Any CPU.ActiveCfg = Release|Any CPU
		{4FD318C0-8453-4D31-9C25-D916046975CB}.Release|Any CPU.Build.0 = Release|Any CPU
	EndGlobalSection
	GlobalSection(SolutionProperties) = preSolution
		HideSolutionNode = FALSE
	EndGlobalSection
	GlobalSection(ExtensibilityGlobals) = postSolution
		SolutionGuid = {32D6943B-9C3C-41A9-A7A6-B88D777B014D}
	EndGlobalSection
EndGlobal
